
Microsoft Visual Studio Solution File, Format Version 12.00
# Visual Studio Version 16
VisualStudioVersion = 16.0.29911.84
MinimumVisualStudioVersion = 10.0.40219.1
Project("{FAE04EC0-301F-11D3-BF4B-00C04F79EFBC}") = "ppedv.LVS_Enterprise.Model", "ppedv.LVS_Enterprise.Model\ppedv.LVS_Enterprise.Model.csproj", "{4ECEDB15-DD42-4FC7-9D26-499F27CBF4FC}"
EndProject
Global
	GlobalSection(SolutionConfigurationPlatforms) = preSolution
		Debug|Any CPU = Debug|Any CPU
		Release|Any CPU = Release|Any CPU
	EndGlobalSection
	GlobalSection(ProjectConfigurationPlatforms) = postSolution
		{4ECEDB15-DD42-4FC7-9D26-499F27CBF4FC}.Debug|Any CPU.ActiveCfg = Debug|Any CPU
		{4ECEDB15-DD42-4FC7-9D26-499F27CBF4FC}.Debug|Any CPU.Build.0 = Debug|Any CPU
		{4ECEDB15-DD42-4FC7-9D26-499F27CBF4FC}.Release|Any CPU.ActiveCfg = Release|Any CPU
		{4ECEDB15-DD42-4FC7-9D26-499F27CBF4FC}.Release|Any CPU.Build.0 = Release|Any CPU
	EndGlobalSection
	GlobalSection(SolutionProperties) = preSolution
		HideSolutionNode = FALSE
	EndGlobalSection
	GlobalSection(ExtensibilityGlobals) = postSolution
		SolutionGuid = {D5E4E453-2D63-4155-8695-62FFBFDF7C68}
	EndGlobalSection
EndGlobal
