
Microsoft Visual Studio Solution File, Format Version 12.00
# Visual Studio Version 16
VisualStudioVersion = 16.0.29911.84
MinimumVisualStudioVersion = 10.0.40219.1
Project("{FAE04EC0-301F-11D3-BF4B-00C04F79EFBC}") = "EfDbFirst", "EfDbFirst\EfDbFirst.csproj", "{8960B059-44D6-4CA3-A06E-2A1AD36E7F4F}"
EndProject
Global
	GlobalSection(SolutionConfigurationPlatforms) = preSolution
		Debug|Any CPU = Debug|Any CPU
		Release|Any CPU = Release|Any CPU
	EndGlobalSection
	GlobalSection(ProjectConfigurationPlatforms) = postSolution
		{8960B059-44D6-4CA3-A06E-2A1AD36E7F4F}.Debug|Any CPU.ActiveCfg = Debug|Any CPU
		{8960B059-44D6-4CA3-A06E-2A1AD36E7F4F}.Debug|Any CPU.Build.0 = Debug|Any CPU
		{8960B059-44D6-4CA3-A06E-2A1AD36E7F4F}.Release|Any CPU.ActiveCfg = Release|Any CPU
		{8960B059-44D6-4CA3-A06E-2A1AD36E7F4F}.Release|Any CPU.Build.0 = Release|Any CPU
	EndGlobalSection
	GlobalSection(SolutionProperties) = preSolution
		HideSolutionNode = FALSE
	EndGlobalSection
	GlobalSection(ExtensibilityGlobals) = postSolution
		SolutionGuid = {0E61C796-3B07-47F3-835F-26A69E094A91}
	EndGlobalSection
EndGlobal
